
Microsoft Visual Studio Solution File, Format Version 12.00
# Visual Studio Version 17
VisualStudioVersion = 17.2.32630.192
MinimumVisualStudioVersion = 10.0.40219.1
Project("{FAE04EC0-301F-11D3-BF4B-00C04F79EFBC}") = "AppGit", "AppGit.csproj", "{A48C1964-518E-468A-B220-A5C95B989AB4}"
EndProject
Global
	GlobalSection(SolutionConfigurationPlatforms) = preSolution
		Debug|Any CPU = Debug|Any CPU
		Release|Any CPU = Release|Any CPU
	EndGlobalSection
	GlobalSection(ProjectConfigurationPlatforms) = postSolution
		{A48C1964-518E-468A-B220-A5C95B989AB4}.Debug|Any CPU.ActiveCfg = Debug|Any CPU
		{A48C1964-518E-468A-B220-A5C95B989AB4}.Debug|Any CPU.Build.0 = Debug|Any CPU
		{A48C1964-518E-468A-B220-A5C95B989AB4}.Release|Any CPU.ActiveCfg = Release|Any CPU
		{A48C1964-518E-468A-B220-A5C95B989AB4}.Release|Any CPU.Build.0 = Release|Any CPU
	EndGlobalSection
	GlobalSection(SolutionProperties) = preSolution
		HideSolutionNode = FALSE
	EndGlobalSection
	GlobalSection(ExtensibilityGlobals) = postSolution
		SolutionGuid = {0DF9E9C9-609D-482A-9E30-36D796957A3F}
	EndGlobalSection
EndGlobal
